
Microsoft Visual Studio Solution File, Format Version 12.00
# Visual Studio Version 17
VisualStudioVersion = 17.1.32210.238
MinimumVisualStudioVersion = 10.0.40219.1
Project("{FAE04EC0-301F-11D3-BF4B-00C04F79EFBC}") = "eWolfCloneAndPack", "eWolfCloneAndPack\eWolfCloneAndPack.csproj", "{E4613E8B-BC6F-490F-80EC-DB6BEDF7C88F}"
EndProject
Global
	GlobalSection(SolutionConfigurationPlatforms) = preSolution
		Debug|Any CPU = Debug|Any CPU
		Release|Any CPU = Release|Any CPU
	EndGlobalSection
	GlobalSection(ProjectConfigurationPlatforms) = postSolution
		{E4613E8B-BC6F-490F-80EC-DB6BEDF7C88F}.Debug|Any CPU.ActiveCfg = Debug|Any CPU
		{E4613E8B-BC6F-490F-80EC-DB6BEDF7C88F}.Debug|Any CPU.Build.0 = Debug|Any CPU
		{E4613E8B-BC6F-490F-80EC-DB6BEDF7C88F}.Release|Any CPU.ActiveCfg = Release|Any CPU
		{E4613E8B-BC6F-490F-80EC-DB6BEDF7C88F}.Release|Any CPU.Build.0 = Release|Any CPU
	EndGlobalSection
	GlobalSection(SolutionProperties) = preSolution
		HideSolutionNode = FALSE
	EndGlobalSection
	GlobalSection(ExtensibilityGlobals) = postSolution
		SolutionGuid = {20504C16-75AA-497D-A167-2DDDEE8F6980}
	EndGlobalSection
EndGlobal
